// !$*UTF8*$!
{
	archiveVersion = 1;
	classes = {
	};
	objectVersion = 56;
	objects = {

/* Begin PBXBuildFile section */
		950059CE2C2B801C002EA1B8 /* PhotosFeedServiceImpl.swift in Sources */ = {isa = PBXBuildFile; fileRef = 950059CD2C2B801C002EA1B8 /* PhotosFeedServiceImpl.swift */; };
		950059D02C2BC778002EA1B8 /* FeedViewState.swift in Sources */ = {isa = PBXBuildFile; fileRef = 950059CF2C2BC778002EA1B8 /* FeedViewState.swift */; };
		950059D32C2BCD6F002EA1B8 /* AppSettingsModel.swift in Sources */ = {isa = PBXBuildFile; fileRef = 950059D22C2BCD6F002EA1B8 /* AppSettingsModel.swift */; };
		950059D52C2BCE14002EA1B8 /* AppSettingsView.swift in Sources */ = {isa = PBXBuildFile; fileRef = 950059D42C2BCE14002EA1B8 /* AppSettingsView.swift */; };
		950059D92C2BDAF8002EA1B8 /* AppSettingsHolder.swift in Sources */ = {isa = PBXBuildFile; fileRef = 950059D82C2BDAF8002EA1B8 /* AppSettingsHolder.swift */; };
		950059DC2C2C1CD6002EA1B8 /* CloseButtonView.swift in Sources */ = {isa = PBXBuildFile; fileRef = 950059DB2C2C1CD6002EA1B8 /* CloseButtonView.swift */; };
		950059DE2C2C2122002EA1B8 /* AppSettingsViewModel.swift in Sources */ = {isa = PBXBuildFile; fileRef = 950059DD2C2C2122002EA1B8 /* AppSettingsViewModel.swift */; };
		950059E02C2C21E3002EA1B8 /* FeedCollectionViewCoordinator.swift in Sources */ = {isa = PBXBuildFile; fileRef = 950059DF2C2C21E3002EA1B8 /* FeedCollectionViewCoordinator.swift */; };
		950059E32C2C262A002EA1B8 /* CustomizableFeedService.swift in Sources */ = {isa = PBXBuildFile; fileRef = 950059E22C2C262A002EA1B8 /* CustomizableFeedService.swift */; };
		95414D7C2C28DFE0009A46A0 /* PhotoDetailsInteractor.swift in Sources */ = {isa = PBXBuildFile; fileRef = 95414D7B2C28DFE0009A46A0 /* PhotoDetailsInteractor.swift */; };
		95414D7E2C28E008009A46A0 /* PhotoDetailsViewModel.swift in Sources */ = {isa = PBXBuildFile; fileRef = 95414D7D2C28E008009A46A0 /* PhotoDetailsViewModel.swift */; };
		95414D802C28E012009A46A0 /* PhotoDetailsView.swift in Sources */ = {isa = PBXBuildFile; fileRef = 95414D7F2C28E012009A46A0 /* PhotoDetailsView.swift */; };
		95414D842C28F4FF009A46A0 /* RootView.swift in Sources */ = {isa = PBXBuildFile; fileRef = 95414D832C28F4FF009A46A0 /* RootView.swift */; };
		95414D882C294E62009A46A0 /* SafariViewControllerRouter.swift in Sources */ = {isa = PBXBuildFile; fileRef = 95414D872C294E62009A46A0 /* SafariViewControllerRouter.swift */; };
		95414D922C2972C6009A46A0 /* Colors.swift in Sources */ = {isa = PBXBuildFile; fileRef = 95414D912C2972C6009A46A0 /* Colors.swift */; };
		95414D942C2987A1009A46A0 /* CommonExtensions.swift in Sources */ = {isa = PBXBuildFile; fileRef = 95414D932C2987A1009A46A0 /* CommonExtensions.swift */; };
		95414D962C2998C6009A46A0 /* Images.swift in Sources */ = {isa = PBXBuildFile; fileRef = 95414D952C2998C6009A46A0 /* Images.swift */; };
		95414D982C29B5DF009A46A0 /* CombineExtension.swift in Sources */ = {isa = PBXBuildFile; fileRef = 95414D972C29B5DF009A46A0 /* CombineExtension.swift */; };
		95414D9A2C2A0128009A46A0 /* CustomModalSheetModifier.swift in Sources */ = {isa = PBXBuildFile; fileRef = 95414D992C2A0128009A46A0 /* CustomModalSheetModifier.swift */; };
		95414DA02C2B6A7A009A46A0 /* SharingScreenRouter.swift in Sources */ = {isa = PBXBuildFile; fileRef = 95414D9F2C2B6A7A009A46A0 /* SharingScreenRouter.swift */; };
		956328212C1918370044457E /* FeedCollectionWaterfallLayout.swift in Sources */ = {isa = PBXBuildFile; fileRef = 956328202C1918370044457E /* FeedCollectionWaterfallLayout.swift */; };
		956328232C1918430044457E /* FeedCollectionViewModel.swift in Sources */ = {isa = PBXBuildFile; fileRef = 956328222C1918430044457E /* FeedCollectionViewModel.swift */; };
		956328252C191B040044457E /* FeedPhotoCellView.swift in Sources */ = {isa = PBXBuildFile; fileRef = 956328242C191B040044457E /* FeedPhotoCellView.swift */; };
		956328272C191E2B0044457E /* Errors.swift in Sources */ = {isa = PBXBuildFile; fileRef = 956328262C191E2B0044457E /* Errors.swift */; };
		956328292C1920E70044457E /* FeedCollectionInteractor.swift in Sources */ = {isa = PBXBuildFile; fileRef = 956328282C1920E70044457E /* FeedCollectionInteractor.swift */; };
		9563282C2C1CF6F20044457E /* SDWebImage in Frameworks */ = {isa = PBXBuildFile; productRef = 9563282B2C1CF6F20044457E /* SDWebImage */; };
		9563282E2C1CF7200044457E /* SDWebImageManager+PhotoLoadingService.swift in Sources */ = {isa = PBXBuildFile; fileRef = 9563282D2C1CF71F0044457E /* SDWebImageManager+PhotoLoadingService.swift */; };
		959801FF2C14974300DA8422 /* PhotoFeedTestApp.swift in Sources */ = {isa = PBXBuildFile; fileRef = 959801FE2C14974300DA8422 /* PhotoFeedTestApp.swift */; };
		959802012C14974300DA8422 /* FeedCollectionView.swift in Sources */ = {isa = PBXBuildFile; fileRef = 959802002C14974300DA8422 /* FeedCollectionView.swift */; };
		959802032C14974900DA8422 /* Assets.xcassets in Resources */ = {isa = PBXBuildFile; fileRef = 959802022C14974900DA8422 /* Assets.xcassets */; };
		959802062C14974900DA8422 /* Preview Assets.xcassets in Resources */ = {isa = PBXBuildFile; fileRef = 959802052C14974900DA8422 /* Preview Assets.xcassets */; };
		9598020E2C149D7C00DA8422 /* FeedCollectionViewController.swift in Sources */ = {isa = PBXBuildFile; fileRef = 9598020D2C149D7C00DA8422 /* FeedCollectionViewController.swift */; };
		959802112C14A1E500DA8422 /* PhotoModel.swift in Sources */ = {isa = PBXBuildFile; fileRef = 959802102C14A1E500DA8422 /* PhotoModel.swift */; };
		959802142C14A66000DA8422 /* UIColor+Hex.swift in Sources */ = {isa = PBXBuildFile; fileRef = 959802132C14A66000DA8422 /* UIColor+Hex.swift */; };
		959802162C160A0800DA8422 /* PhotosPageModel.swift in Sources */ = {isa = PBXBuildFile; fileRef = 959802152C160A0800DA8422 /* PhotosPageModel.swift */; };
		959802192C160BE000DA8422 /* PhotosFeedService.swift in Sources */ = {isa = PBXBuildFile; fileRef = 959802182C160BE000DA8422 /* PhotosFeedService.swift */; };
		9598021B2C160CF400DA8422 /* PhotosFeedServiceMock.swift in Sources */ = {isa = PBXBuildFile; fileRef = 9598021A2C160CF400DA8422 /* PhotosFeedServiceMock.swift */; };
		9598021E2C160DD700DA8422 /* test_page.json in Resources */ = {isa = PBXBuildFile; fileRef = 9598021D2C160DD700DA8422 /* test_page.json */; };
		959802202C161E2C00DA8422 /* PhotoLoadingService.swift in Sources */ = {isa = PBXBuildFile; fileRef = 9598021F2C161E2C00DA8422 /* PhotoLoadingService.swift */; };
		959802222C161EF200DA8422 /* ApplicationDeps.swift in Sources */ = {isa = PBXBuildFile; fileRef = 959802212C161EF200DA8422 /* ApplicationDeps.swift */; };
		95B276682C2470B7003D4C64 /* RTLHelper.swift in Sources */ = {isa = PBXBuildFile; fileRef = 95B276672C2470B7003D4C64 /* RTLHelper.swift */; };
		95B3E28F2C203B1500F7DE07 /* Logger.swift in Sources */ = {isa = PBXBuildFile; fileRef = 95B3E28E2C203B1500F7DE07 /* Logger.swift */; };
		95B3E29B2C222E3D00F7DE07 /* FeedPhotoCellViewModel.swift in Sources */ = {isa = PBXBuildFile; fileRef = 95B3E29A2C222E3D00F7DE07 /* FeedPhotoCellViewModel.swift */; };
/* End PBXBuildFile section */

/* Begin PBXFileReference section */
		950059CD2C2B801C002EA1B8 /* PhotosFeedServiceImpl.swift */ = {isa = PBXFileReference; lastKnownFileType = sourcecode.swift; path = PhotosFeedServiceImpl.swift; sourceTree = "<group>"; };
		950059CF2C2BC778002EA1B8 /* FeedViewState.swift */ = {isa = PBXFileReference; lastKnownFileType = sourcecode.swift; path = FeedViewState.swift; sourceTree = "<group>"; };
		950059D22C2BCD6F002EA1B8 /* AppSettingsModel.swift */ = {isa = PBXFileReference; lastKnownFileType = sourcecode.swift; path = AppSettingsModel.swift; sourceTree = "<group>"; };
		950059D42C2BCE14002EA1B8 /* AppSettingsView.swift */ = {isa = PBXFileReference; lastKnownFileType = sourcecode.swift; path = AppSettingsView.swift; sourceTree = "<group>"; };
		950059D82C2BDAF8002EA1B8 /* AppSettingsHolder.swift */ = {isa = PBXFileReference; lastKnownFileType = sourcecode.swift; path = AppSettingsHolder.swift; sourceTree = "<group>"; };
		950059DB2C2C1CD6002EA1B8 /* CloseButtonView.swift */ = {isa = PBXFileReference; lastKnownFileType = sourcecode.swift; path = CloseButtonView.swift; sourceTree = "<group>"; };
		950059DD2C2C2122002EA1B8 /* AppSettingsViewModel.swift */ = {isa = PBXFileReference; lastKnownFileType = sourcecode.swift; path = AppSettingsViewModel.swift; sourceTree = "<group>"; };
		950059DF2C2C21E3002EA1B8 /* FeedCollectionViewCoordinator.swift */ = {isa = PBXFileReference; lastKnownFileType = sourcecode.swift; path = FeedCollectionViewCoordinator.swift; sourceTree = "<group>"; };
		950059E22C2C262A002EA1B8 /* CustomizableFeedService.swift */ = {isa = PBXFileReference; lastKnownFileType = sourcecode.swift; path = CustomizableFeedService.swift; sourceTree = "<group>"; };
		95414D7B2C28DFE0009A46A0 /* PhotoDetailsInteractor.swift */ = {isa = PBXFileReference; lastKnownFileType = sourcecode.swift; path = PhotoDetailsInteractor.swift; sourceTree = "<group>"; };
		95414D7D2C28E008009A46A0 /* PhotoDetailsViewModel.swift */ = {isa = PBXFileReference; lastKnownFileType = sourcecode.swift; path = PhotoDetailsViewModel.swift; sourceTree = "<group>"; };
		95414D7F2C28E012009A46A0 /* PhotoDetailsView.swift */ = {isa = PBXFileReference; lastKnownFileType = sourcecode.swift; path = PhotoDetailsView.swift; sourceTree = "<group>"; };
		95414D832C28F4FF009A46A0 /* RootView.swift */ = {isa = PBXFileReference; lastKnownFileType = sourcecode.swift; path = RootView.swift; sourceTree = "<group>"; };
		95414D872C294E62009A46A0 /* SafariViewControllerRouter.swift */ = {isa = PBXFileReference; lastKnownFileType = sourcecode.swift; path = SafariViewControllerRouter.swift; sourceTree = "<group>"; };
		95414D912C2972C6009A46A0 /* Colors.swift */ = {isa = PBXFileReference; lastKnownFileType = sourcecode.swift; path = Colors.swift; sourceTree = "<group>"; };
		95414D932C2987A1009A46A0 /* CommonExtensions.swift */ = {isa = PBXFileReference; lastKnownFileType = sourcecode.swift; path = CommonExtensions.swift; sourceTree = "<group>"; };
		95414D952C2998C6009A46A0 /* Images.swift */ = {isa = PBXFileReference; lastKnownFileType = sourcecode.swift; path = Images.swift; sourceTree = "<group>"; };
		95414D972C29B5DF009A46A0 /* CombineExtension.swift */ = {isa = PBXFileReference; lastKnownFileType = sourcecode.swift; path = CombineExtension.swift; sourceTree = "<group>"; };
		95414D992C2A0128009A46A0 /* CustomModalSheetModifier.swift */ = {isa = PBXFileReference; lastKnownFileType = sourcecode.swift; path = CustomModalSheetModifier.swift; sourceTree = "<group>"; };
		95414D9F2C2B6A7A009A46A0 /* SharingScreenRouter.swift */ = {isa = PBXFileReference; lastKnownFileType = sourcecode.swift; path = SharingScreenRouter.swift; sourceTree = "<group>"; };
		956328202C1918370044457E /* FeedCollectionWaterfallLayout.swift */ = {isa = PBXFileReference; lastKnownFileType = sourcecode.swift; path = FeedCollectionWaterfallLayout.swift; sourceTree = "<group>"; };
		956328222C1918430044457E /* FeedCollectionViewModel.swift */ = {isa = PBXFileReference; lastKnownFileType = sourcecode.swift; path = FeedCollectionViewModel.swift; sourceTree = "<group>"; };
		956328242C191B040044457E /* FeedPhotoCellView.swift */ = {isa = PBXFileReference; lastKnownFileType = sourcecode.swift; path = FeedPhotoCellView.swift; sourceTree = "<group>"; };
		956328262C191E2B0044457E /* Errors.swift */ = {isa = PBXFileReference; lastKnownFileType = sourcecode.swift; path = Errors.swift; sourceTree = "<group>"; };
		956328282C1920E70044457E /* FeedCollectionInteractor.swift */ = {isa = PBXFileReference; lastKnownFileType = sourcecode.swift; path = FeedCollectionInteractor.swift; sourceTree = "<group>"; };
		9563282D2C1CF71F0044457E /* SDWebImageManager+PhotoLoadingService.swift */ = {isa = PBXFileReference; lastKnownFileType = sourcecode.swift; path = "SDWebImageManager+PhotoLoadingService.swift"; sourceTree = "<group>"; };
		959801FB2C14974300DA8422 /* PhotoFeedTestApp.app */ = {isa = PBXFileReference; explicitFileType = wrapper.application; includeInIndex = 0; path = PhotoFeedTestApp.app; sourceTree = BUILT_PRODUCTS_DIR; };
		959801FE2C14974300DA8422 /* PhotoFeedTestApp.swift */ = {isa = PBXFileReference; lastKnownFileType = sourcecode.swift; path = PhotoFeedTestApp.swift; sourceTree = "<group>"; };
		959802002C14974300DA8422 /* FeedCollectionView.swift */ = {isa = PBXFileReference; lastKnownFileType = sourcecode.swift; path = FeedCollectionView.swift; sourceTree = "<group>"; };
		959802022C14974900DA8422 /* Assets.xcassets */ = {isa = PBXFileReference; lastKnownFileType = folder.assetcatalog; path = Assets.xcassets; sourceTree = "<group>"; };
		959802052C14974900DA8422 /* Preview Assets.xcassets */ = {isa = PBXFileReference; lastKnownFileType = folder.assetcatalog; path = "Preview Assets.xcassets"; sourceTree = "<group>"; };
		9598020D2C149D7C00DA8422 /* FeedCollectionViewController.swift */ = {isa = PBXFileReference; lastKnownFileType = sourcecode.swift; path = FeedCollectionViewController.swift; sourceTree = "<group>"; };
		959802102C14A1E500DA8422 /* PhotoModel.swift */ = {isa = PBXFileReference; lastKnownFileType = sourcecode.swift; path = PhotoModel.swift; sourceTree = "<group>"; };
		959802132C14A66000DA8422 /* UIColor+Hex.swift */ = {isa = PBXFileReference; lastKnownFileType = sourcecode.swift; path = "UIColor+Hex.swift"; sourceTree = "<group>"; };
		959802152C160A0800DA8422 /* PhotosPageModel.swift */ = {isa = PBXFileReference; lastKnownFileType = sourcecode.swift; path = PhotosPageModel.swift; sourceTree = "<group>"; };
		959802182C160BE000DA8422 /* PhotosFeedService.swift */ = {isa = PBXFileReference; lastKnownFileType = sourcecode.swift; path = PhotosFeedService.swift; sourceTree = "<group>"; };
		9598021A2C160CF400DA8422 /* PhotosFeedServiceMock.swift */ = {isa = PBXFileReference; lastKnownFileType = sourcecode.swift; path = PhotosFeedServiceMock.swift; sourceTree = "<group>"; };
		9598021D2C160DD700DA8422 /* test_page.json */ = {isa = PBXFileReference; lastKnownFileType = text.json; path = test_page.json; sourceTree = "<group>"; };
		9598021F2C161E2C00DA8422 /* PhotoLoadingService.swift */ = {isa = PBXFileReference; lastKnownFileType = sourcecode.swift; path = PhotoLoadingService.swift; sourceTree = "<group>"; };
		959802212C161EF200DA8422 /* ApplicationDeps.swift */ = {isa = PBXFileReference; lastKnownFileType = sourcecode.swift; path = ApplicationDeps.swift; sourceTree = "<group>"; };
		95B276672C2470B7003D4C64 /* RTLHelper.swift */ = {isa = PBXFileReference; lastKnownFileType = sourcecode.swift; path = RTLHelper.swift; sourceTree = "<group>"; };
		95B3E28E2C203B1500F7DE07 /* Logger.swift */ = {isa = PBXFileReference; lastKnownFileType = sourcecode.swift; path = Logger.swift; sourceTree = "<group>"; };
		95B3E29A2C222E3D00F7DE07 /* FeedPhotoCellViewModel.swift */ = {isa = PBXFileReference; lastKnownFileType = sourcecode.swift; path = FeedPhotoCellViewModel.swift; sourceTree = "<group>"; };
/* End PBXFileReference section */

/* Begin PBXFrameworksBuildPhase section */
		959801F82C14974300DA8422 /* Frameworks */ = {
			isa = PBXFrameworksBuildPhase;
			buildActionMask = 2147483647;
			files = (
				9563282C2C1CF6F20044457E /* SDWebImage in Frameworks */,
			);
			runOnlyForDeploymentPostprocessing = 0;
		};
/* End PBXFrameworksBuildPhase section */

/* Begin PBXGroup section */
		950059D12C2BCD3E002EA1B8 /* AppSettings */ = {
			isa = PBXGroup;
			children = (
				950059D82C2BDAF8002EA1B8 /* AppSettingsHolder.swift */,
				950059D22C2BCD6F002EA1B8 /* AppSettingsModel.swift */,
				950059DD2C2C2122002EA1B8 /* AppSettingsViewModel.swift */,
				950059D42C2BCE14002EA1B8 /* AppSettingsView.swift */,
			);
			path = AppSettings;
			sourceTree = "<group>";
		};
		950059DA2C2C1CBF002EA1B8 /* CommonViews */ = {
			isa = PBXGroup;
			children = (
				950059DB2C2C1CD6002EA1B8 /* CloseButtonView.swift */,
			);
			path = CommonViews;
			sourceTree = "<group>";
		};
		95414D782C288CBF009A46A0 /* PhotoDetailsView */ = {
			isa = PBXGroup;
			children = (
				95414D7B2C28DFE0009A46A0 /* PhotoDetailsInteractor.swift */,
				95414D7D2C28E008009A46A0 /* PhotoDetailsViewModel.swift */,
				95414D7F2C28E012009A46A0 /* PhotoDetailsView.swift */,
			);
			path = PhotoDetailsView;
			sourceTree = "<group>";
		};
		95414D902C2972A8009A46A0 /* Resources */ = {
			isa = PBXGroup;
			children = (
				959802022C14974900DA8422 /* Assets.xcassets */,
				95414D912C2972C6009A46A0 /* Colors.swift */,
				95414D952C2998C6009A46A0 /* Images.swift */,
			);
			path = Resources;
			sourceTree = "<group>";
		};
		95414D9E2C2B6A60009A46A0 /* Routers */ = {
			isa = PBXGroup;
			children = (
				95414D872C294E62009A46A0 /* SafariViewControllerRouter.swift */,
				95414D9F2C2B6A7A009A46A0 /* SharingScreenRouter.swift */,
			);
			path = Routers;
			sourceTree = "<group>";
		};
		959801F22C14974300DA8422 = {
			isa = PBXGroup;
			children = (
				959801FD2C14974300DA8422 /* PhotoFeedTestApp */,
				959801FC2C14974300DA8422 /* Products */,
			);
			sourceTree = "<group>";
		};
		959801FC2C14974300DA8422 /* Products */ = {
			isa = PBXGroup;
			children = (
				959801FB2C14974300DA8422 /* PhotoFeedTestApp.app */,
			);
			name = Products;
			sourceTree = "<group>";
		};
		959801FD2C14974300DA8422 /* PhotoFeedTestApp */ = {
			isa = PBXGroup;
			children = (
				959801FE2C14974300DA8422 /* PhotoFeedTestApp.swift */,
				959802212C161EF200DA8422 /* ApplicationDeps.swift */,
				95414D832C28F4FF009A46A0 /* RootView.swift */,
				9598020C2C149D5600DA8422 /* FeedCollectionView */,
				95414D782C288CBF009A46A0 /* PhotoDetailsView */,
				950059D12C2BCD3E002EA1B8 /* AppSettings */,
				950059DA2C2C1CBF002EA1B8 /* CommonViews */,
				9598020F2C14A1D400DA8422 /* Models */,
				959802172C160BCD00DA8422 /* Services */,
				9598021C2C160D9800DA8422 /* Mocks */,
				959802122C14A63800DA8422 /* Helpers */,
				95414D902C2972A8009A46A0 /* Resources */,
				959802042C14974900DA8422 /* Preview Content */,
			);
			path = PhotoFeedTestApp;
			sourceTree = "<group>";
		};
		959802042C14974900DA8422 /* Preview Content */ = {
			isa = PBXGroup;
			children = (
				959802052C14974900DA8422 /* Preview Assets.xcassets */,
			);
			path = "Preview Content";
			sourceTree = "<group>";
		};
		9598020C2C149D5600DA8422 /* FeedCollectionView */ = {
			isa = PBXGroup;
			children = (
				95B3E2992C222E2900F7DE07 /* Cell */,
				950059CF2C2BC778002EA1B8 /* FeedViewState.swift */,
				956328282C1920E70044457E /* FeedCollectionInteractor.swift */,
				956328222C1918430044457E /* FeedCollectionViewModel.swift */,
				9598020D2C149D7C00DA8422 /* FeedCollectionViewController.swift */,
				950059DF2C2C21E3002EA1B8 /* FeedCollectionViewCoordinator.swift */,
				959802002C14974300DA8422 /* FeedCollectionView.swift */,
				956328202C1918370044457E /* FeedCollectionWaterfallLayout.swift */,
			);
			path = FeedCollectionView;
			sourceTree = "<group>";
		};
		9598020F2C14A1D400DA8422 /* Models */ = {
			isa = PBXGroup;
			children = (
				959802102C14A1E500DA8422 /* PhotoModel.swift */,
				959802152C160A0800DA8422 /* PhotosPageModel.swift */,
			);
			path = Models;
			sourceTree = "<group>";
		};
		959802122C14A63800DA8422 /* Helpers */ = {
			isa = PBXGroup;
			children = (
				95414D9E2C2B6A60009A46A0 /* Routers */,
				959802132C14A66000DA8422 /* UIColor+Hex.swift */,
				956328262C191E2B0044457E /* Errors.swift */,
				95B3E28E2C203B1500F7DE07 /* Logger.swift */,
				95B276672C2470B7003D4C64 /* RTLHelper.swift */,
				95414D992C2A0128009A46A0 /* CustomModalSheetModifier.swift */,
				95414D932C2987A1009A46A0 /* CommonExtensions.swift */,
				95414D972C29B5DF009A46A0 /* CombineExtension.swift */,
			);
			path = Helpers;
			sourceTree = "<group>";
		};
		959802172C160BCD00DA8422 /* Services */ = {
			isa = PBXGroup;
			children = (
				959802182C160BE000DA8422 /* PhotosFeedService.swift */,
				950059CD2C2B801C002EA1B8 /* PhotosFeedServiceImpl.swift */,
				950059E22C2C262A002EA1B8 /* CustomizableFeedService.swift */,
				9598021F2C161E2C00DA8422 /* PhotoLoadingService.swift */,
				9563282D2C1CF71F0044457E /* SDWebImageManager+PhotoLoadingService.swift */,
			);
			path = Services;
			sourceTree = "<group>";
		};
		9598021C2C160D9800DA8422 /* Mocks */ = {
			isa = PBXGroup;
			children = (
				9598021A2C160CF400DA8422 /* PhotosFeedServiceMock.swift */,
				9598021D2C160DD700DA8422 /* test_page.json */,
			);
			path = Mocks;
			sourceTree = "<group>";
		};
		95B3E2992C222E2900F7DE07 /* Cell */ = {
			isa = PBXGroup;
			children = (
				95B3E29A2C222E3D00F7DE07 /* FeedPhotoCellViewModel.swift */,
				956328242C191B040044457E /* FeedPhotoCellView.swift */,
			);
			path = Cell;
			sourceTree = "<group>";
		};
/* End PBXGroup section */

/* Begin PBXNativeTarget section */
		959801FA2C14974300DA8422 /* PhotoFeedTestApp */ = {
			isa = PBXNativeTarget;
			buildConfigurationList = 959802092C14974900DA8422 /* Build configuration list for PBXNativeTarget "PhotoFeedTestApp" */;
			buildPhases = (
				959801F72C14974300DA8422 /* Sources */,
				959801F82C14974300DA8422 /* Frameworks */,
				959801F92C14974300DA8422 /* Resources */,
			);
			buildRules = (
			);
			dependencies = (
			);
			name = PhotoFeedTestApp;
			packageProductDependencies = (
				9563282B2C1CF6F20044457E /* SDWebImage */,
			);
			productName = PhotoFeedTestApp;
			productReference = 959801FB2C14974300DA8422 /* PhotoFeedTestApp.app */;
			productType = "com.apple.product-type.application";
		};
/* End PBXNativeTarget section */

/* Begin PBXProject section */
		959801F32C14974300DA8422 /* Project object */ = {
			isa = PBXProject;
			attributes = {
				BuildIndependentTargetsInParallel = 1;
				LastSwiftUpdateCheck = 1520;
				LastUpgradeCheck = 1520;
				TargetAttributes = {
					959801FA2C14974300DA8422 = {
						CreatedOnToolsVersion = 15.2;
					};
				};
			};
			buildConfigurationList = 959801F62C14974300DA8422 /* Build configuration list for PBXProject "PhotoFeedTestApp" */;
			compatibilityVersion = "Xcode 14.0";
			developmentRegion = en;
			hasScannedForEncodings = 0;
			knownRegions = (
				en,
				Base,
			);
			mainGroup = 959801F22C14974300DA8422;
			packageReferences = (
				9563282A2C1CF6F20044457E /* XCRemoteSwiftPackageReference "SDWebImage" */,
			);
			productRefGroup = 959801FC2C14974300DA8422 /* Products */;
			projectDirPath = "";
			projectRoot = "";
			targets = (
				959801FA2C14974300DA8422 /* PhotoFeedTestApp */,
			);
		};
/* End PBXProject section */

/* Begin PBXResourcesBuildPhase section */
		959801F92C14974300DA8422 /* Resources */ = {
			isa = PBXResourcesBuildPhase;
			buildActionMask = 2147483647;
			files = (
				959802062C14974900DA8422 /* Preview Assets.xcassets in Resources */,
				9598021E2C160DD700DA8422 /* test_page.json in Resources */,
				959802032C14974900DA8422 /* Assets.xcassets in Resources */,
			);
			runOnlyForDeploymentPostprocessing = 0;
		};
/* End PBXResourcesBuildPhase section */

/* Begin PBXSourcesBuildPhase section */
		959801F72C14974300DA8422 /* Sources */ = {
			isa = PBXSourcesBuildPhase;
			buildActionMask = 2147483647;
			files = (
				959802012C14974300DA8422 /* FeedCollectionView.swift in Sources */,
				95414D922C2972C6009A46A0 /* Colors.swift in Sources */,
				9598020E2C149D7C00DA8422 /* FeedCollectionViewController.swift in Sources */,
				95414D982C29B5DF009A46A0 /* CombineExtension.swift in Sources */,
				956328212C1918370044457E /* FeedCollectionWaterfallLayout.swift in Sources */,
				9563282E2C1CF7200044457E /* SDWebImageManager+PhotoLoadingService.swift in Sources */,
				950059CE2C2B801C002EA1B8 /* PhotosFeedServiceImpl.swift in Sources */,
				956328252C191B040044457E /* FeedPhotoCellView.swift in Sources */,
				950059D32C2BCD6F002EA1B8 /* AppSettingsModel.swift in Sources */,
				950059DE2C2C2122002EA1B8 /* AppSettingsViewModel.swift in Sources */,
				959802222C161EF200DA8422 /* ApplicationDeps.swift in Sources */,
				9598021B2C160CF400DA8422 /* PhotosFeedServiceMock.swift in Sources */,
				95414D942C2987A1009A46A0 /* CommonExtensions.swift in Sources */,
				95B276682C2470B7003D4C64 /* RTLHelper.swift in Sources */,
				959802112C14A1E500DA8422 /* PhotoModel.swift in Sources */,
				950059E02C2C21E3002EA1B8 /* FeedCollectionViewCoordinator.swift in Sources */,
				95B3E28F2C203B1500F7DE07 /* Logger.swift in Sources */,
				95B3E29B2C222E3D00F7DE07 /* FeedPhotoCellViewModel.swift in Sources */,
				959802162C160A0800DA8422 /* PhotosPageModel.swift in Sources */,
				959801FF2C14974300DA8422 /* PhotoFeedTestApp.swift in Sources */,
				950059D92C2BDAF8002EA1B8 /* AppSettingsHolder.swift in Sources */,
				95414D7C2C28DFE0009A46A0 /* PhotoDetailsInteractor.swift in Sources */,
				95414D7E2C28E008009A46A0 /* PhotoDetailsViewModel.swift in Sources */,
				956328232C1918430044457E /* FeedCollectionViewModel.swift in Sources */,
				95414DA02C2B6A7A009A46A0 /* SharingScreenRouter.swift in Sources */,
				959802192C160BE000DA8422 /* PhotosFeedService.swift in Sources */,
				959802142C14A66000DA8422 /* UIColor+Hex.swift in Sources */,
				95414D9A2C2A0128009A46A0 /* CustomModalSheetModifier.swift in Sources */,
				956328272C191E2B0044457E /* Errors.swift in Sources */,
				95414D962C2998C6009A46A0 /* Images.swift in Sources */,
				959802202C161E2C00DA8422 /* PhotoLoadingService.swift in Sources */,
				950059DC2C2C1CD6002EA1B8 /* CloseButtonView.swift in Sources */,
				956328292C1920E70044457E /* FeedCollectionInteractor.swift in Sources */,
				95414D882C294E62009A46A0 /* SafariViewControllerRouter.swift in Sources */,
				95414D802C28E012009A46A0 /* PhotoDetailsView.swift in Sources */,
				950059D52C2BCE14002EA1B8 /* AppSettingsView.swift in Sources */,
				950059D02C2BC778002EA1B8 /* FeedViewState.swift in Sources */,
				95414D842C28F4FF009A46A0 /* RootView.swift in Sources */,
				950059E32C2C262A002EA1B8 /* CustomizableFeedService.swift in Sources */,
			);
			runOnlyForDeploymentPostprocessing = 0;
		};
/* End PBXSourcesBuildPhase section */

/* Begin XCBuildConfiguration section */
		959802072C14974900DA8422 /* Debug */ = {
			isa = XCBuildConfiguration;
			buildSettings = {
				ALWAYS_SEARCH_USER_PATHS = NO;
				ASSETCATALOG_COMPILER_GENERATE_SWIFT_ASSET_SYMBOL_EXTENSIONS = YES;
				CLANG_ANALYZER_NONNULL = YES;
				CLANG_ANALYZER_NUMBER_OBJECT_CONVERSION = YES_AGGRESSIVE;
				CLANG_CXX_LANGUAGE_STANDARD = "gnu++20";
				CLANG_ENABLE_MODULES = YES;
				CLANG_ENABLE_OBJC_ARC = YES;
				CLANG_ENABLE_OBJC_WEAK = YES;
				CLANG_WARN_BLOCK_CAPTURE_AUTORELEASING = YES;
				CLANG_WARN_BOOL_CONVERSION = YES;
				CLANG_WARN_COMMA = YES;
				CLANG_WARN_CONSTANT_CONVERSION = YES;
				CLANG_WARN_DEPRECATED_OBJC_IMPLEMENTATIONS = YES;
				CLANG_WARN_DIRECT_OBJC_ISA_USAGE = YES_ERROR;
				CLANG_WARN_DOCUMENTATION_COMMENTS = YES;
				CLANG_WARN_EMPTY_BODY = YES;
				CLANG_WARN_ENUM_CONVERSION = YES;
				CLANG_WARN_INFINITE_RECURSION = YES;
				CLANG_WARN_INT_CONVERSION = YES;
				CLANG_WARN_NON_LITERAL_NULL_CONVERSION = YES;
				CLANG_WARN_OBJC_IMPLICIT_RETAIN_SELF = YES;
				CLANG_WARN_OBJC_LITERAL_CONVERSION = YES;
				CLANG_WARN_OBJC_ROOT_CLASS = YES_ERROR;
				CLANG_WARN_QUOTED_INCLUDE_IN_FRAMEWORK_HEADER = YES;
				CLANG_WARN_RANGE_LOOP_ANALYSIS = YES;
				CLANG_WARN_STRICT_PROTOTYPES = YES;
				CLANG_WARN_SUSPICIOUS_MOVE = YES;
				CLANG_WARN_UNGUARDED_AVAILABILITY = YES_AGGRESSIVE;
				CLANG_WARN_UNREACHABLE_CODE = YES;
				CLANG_WARN__DUPLICATE_METHOD_MATCH = YES;
				COPY_PHASE_STRIP = NO;
				DEBUG_INFORMATION_FORMAT = dwarf;
				ENABLE_STRICT_OBJC_MSGSEND = YES;
				ENABLE_TESTABILITY = YES;
				ENABLE_USER_SCRIPT_SANDBOXING = YES;
				GCC_C_LANGUAGE_STANDARD = gnu17;
				GCC_DYNAMIC_NO_PIC = NO;
				GCC_NO_COMMON_BLOCKS = YES;
				GCC_OPTIMIZATION_LEVEL = 0;
				GCC_PREPROCESSOR_DEFINITIONS = (
					"DEBUG=1",
					"$(inherited)",
				);
				GCC_WARN_64_TO_32_BIT_CONVERSION = YES;
				GCC_WARN_ABOUT_RETURN_TYPE = YES_ERROR;
				GCC_WARN_UNDECLARED_SELECTOR = YES;
				GCC_WARN_UNINITIALIZED_AUTOS = YES_AGGRESSIVE;
				GCC_WARN_UNUSED_FUNCTION = YES;
				GCC_WARN_UNUSED_VARIABLE = YES;
				IPHONEOS_DEPLOYMENT_TARGET = 15.0;
				LOCALIZATION_PREFERS_STRING_CATALOGS = YES;
				MTL_ENABLE_DEBUG_INFO = INCLUDE_SOURCE;
				MTL_FAST_MATH = YES;
				ONLY_ACTIVE_ARCH = YES;
				SDKROOT = iphoneos;
				SWIFT_ACTIVE_COMPILATION_CONDITIONS = "DEBUG $(inherited)";
				SWIFT_OPTIMIZATION_LEVEL = "-Onone";
			};
			name = Debug;
		};
		959802082C14974900DA8422 /* Release */ = {
			isa = XCBuildConfiguration;
			buildSettings = {
				ALWAYS_SEARCH_USER_PATHS = NO;
				ASSETCATALOG_COMPILER_GENERATE_SWIFT_ASSET_SYMBOL_EXTENSIONS = YES;
				CLANG_ANALYZER_NONNULL = YES;
				CLANG_ANALYZER_NUMBER_OBJECT_CONVERSION = YES_AGGRESSIVE;
				CLANG_CXX_LANGUAGE_STANDARD = "gnu++20";
				CLANG_ENABLE_MODULES = YES;
				CLANG_ENABLE_OBJC_ARC = YES;
				CLANG_ENABLE_OBJC_WEAK = YES;
				CLANG_WARN_BLOCK_CAPTURE_AUTORELEASING = YES;
				CLANG_WARN_BOOL_CONVERSION = YES;
				CLANG_WARN_COMMA = YES;
				CLANG_WARN_CONSTANT_CONVERSION = YES;
				CLANG_WARN_DEPRECATED_OBJC_IMPLEMENTATIONS = YES;
				CLANG_WARN_DIRECT_OBJC_ISA_USAGE = YES_ERROR;
				CLANG_WARN_DOCUMENTATION_COMMENTS = YES;
				CLANG_WARN_EMPTY_BODY = YES;
				CLANG_WARN_ENUM_CONVERSION = YES;
				CLANG_WARN_INFINITE_RECURSION = YES;
				CLANG_WARN_INT_CONVERSION = YES;
				CLANG_WARN_NON_LITERAL_NULL_CONVERSION = YES;
				CLANG_WARN_OBJC_IMPLICIT_RETAIN_SELF = YES;
				CLANG_WARN_OBJC_LITERAL_CONVERSION = YES;
				CLANG_WARN_OBJC_ROOT_CLASS = YES_ERROR;
				CLANG_WARN_QUOTED_INCLUDE_IN_FRAMEWORK_HEADER = YES;
				CLANG_WARN_RANGE_LOOP_ANALYSIS = YES;
				CLANG_WARN_STRICT_PROTOTYPES = YES;
				CLANG_WARN_SUSPICIOUS_MOVE = YES;
				CLANG_WARN_UNGUARDED_AVAILABILITY = YES_AGGRESSIVE;
				CLANG_WARN_UNREACHABLE_CODE = YES;
				CLANG_WARN__DUPLICATE_METHOD_MATCH = YES;
				COPY_PHASE_STRIP = NO;
				DEBUG_INFORMATION_FORMAT = "dwarf-with-dsym";
				ENABLE_NS_ASSERTIONS = NO;
				ENABLE_STRICT_OBJC_MSGSEND = YES;
				ENABLE_USER_SCRIPT_SANDBOXING = YES;
				GCC_C_LANGUAGE_STANDARD = gnu17;
				GCC_NO_COMMON_BLOCKS = YES;
				GCC_WARN_64_TO_32_BIT_CONVERSION = YES;
				GCC_WARN_ABOUT_RETURN_TYPE = YES_ERROR;
				GCC_WARN_UNDECLARED_SELECTOR = YES;
				GCC_WARN_UNINITIALIZED_AUTOS = YES_AGGRESSIVE;
				GCC_WARN_UNUSED_FUNCTION = YES;
				GCC_WARN_UNUSED_VARIABLE = YES;
				IPHONEOS_DEPLOYMENT_TARGET = 15.0;
				LOCALIZATION_PREFERS_STRING_CATALOGS = YES;
				MTL_ENABLE_DEBUG_INFO = NO;
				MTL_FAST_MATH = YES;
				SDKROOT = iphoneos;
				SWIFT_COMPILATION_MODE = wholemodule;
				VALIDATE_PRODUCT = YES;
			};
			name = Release;
		};
		9598020A2C14974900DA8422 /* Debug */ = {
			isa = XCBuildConfiguration;
			buildSettings = {
				ASSETCATALOG_COMPILER_APPICON_NAME = AppIcon;
				ASSETCATALOG_COMPILER_GLOBAL_ACCENT_COLOR_NAME = AccentColor;
				CODE_SIGN_STYLE = Automatic;
				CURRENT_PROJECT_VERSION = 1;
				DEVELOPMENT_ASSET_PATHS = "\"PhotoFeedTestApp/Preview Content\"";
				ENABLE_PREVIEWS = YES;
				GENERATE_INFOPLIST_FILE = YES;
				INFOPLIST_KEY_UIApplicationSceneManifest_Generation = YES;
				INFOPLIST_KEY_UIApplicationSupportsIndirectInputEvents = YES;
				INFOPLIST_KEY_UILaunchScreen_Generation = YES;
				INFOPLIST_KEY_UISupportedInterfaceOrientations_iPad = "UIInterfaceOrientationPortrait UIInterfaceOrientationPortraitUpsideDown UIInterfaceOrientationLandscapeLeft UIInterfaceOrientationLandscapeRight";
				INFOPLIST_KEY_UISupportedInterfaceOrientations_iPhone = "UIInterfaceOrientationPortrait UIInterfaceOrientationLandscapeLeft UIInterfaceOrientationLandscapeRight";
				LD_RUNPATH_SEARCH_PATHS = (
					"$(inherited)",
					"@executable_path/Frameworks",
				);
				MARKETING_VERSION = 1.0;
				PRODUCT_BUNDLE_IDENTIFIER = com.ermichev.PhotoFeedTestApp;
				PRODUCT_NAME = "$(TARGET_NAME)";
				SWIFT_EMIT_LOC_STRINGS = YES;
				SWIFT_VERSION = 5.0;
				TARGETED_DEVICE_FAMILY = "1,2";
			};
			name = Debug;
		};
		9598020B2C14974900DA8422 /* Release */ = {
			isa = XCBuildConfiguration;
			buildSettings = {
				ASSETCATALOG_COMPILER_APPICON_NAME = AppIcon;
				ASSETCATALOG_COMPILER_GLOBAL_ACCENT_COLOR_NAME = AccentColor;
				CODE_SIGN_STYLE = Automatic;
				CURRENT_PROJECT_VERSION = 1;
				DEVELOPMENT_ASSET_PATHS = "\"PhotoFeedTestApp/Preview Content\"";
				ENABLE_PREVIEWS = YES;
				GENERATE_INFOPLIST_FILE = YES;
				INFOPLIST_KEY_UIApplicationSceneManifest_Generation = YES;
				INFOPLIST_KEY_UIApplicationSupportsIndirectInputEvents = YES;
				INFOPLIST_KEY_UILaunchScreen_Generation = YES;
				INFOPLIST_KEY_UISupportedInterfaceOrientations_iPad = "UIInterfaceOrientationPortrait UIInterfaceOrientationPortraitUpsideDown UIInterfaceOrientationLandscapeLeft UIInterfaceOrientationLandscapeRight";
				INFOPLIST_KEY_UISupportedInterfaceOrientations_iPhone = "UIInterfaceOrientationPortrait UIInterfaceOrientationLandscapeLeft UIInterfaceOrientationLandscapeRight";
				LD_RUNPATH_SEARCH_PATHS = (
					"$(inherited)",
					"@executable_path/Frameworks",
				);
				MARKETING_VERSION = 1.0;
				PRODUCT_BUNDLE_IDENTIFIER = com.ermichev.PhotoFeedTestApp;
				PRODUCT_NAME = "$(TARGET_NAME)";
				SWIFT_EMIT_LOC_STRINGS = YES;
				SWIFT_VERSION = 5.0;
				TARGETED_DEVICE_FAMILY = "1,2";
			};
			name = Release;
		};
/* End XCBuildConfiguration section */

/* Begin XCConfigurationList section */
		959801F62C14974300DA8422 /* Build configuration list for PBXProject "PhotoFeedTestApp" */ = {
			isa = XCConfigurationList;
			buildConfigurations = (
				959802072C14974900DA8422 /* Debug */,
				959802082C14974900DA8422 /* Release */,
			);
			defaultConfigurationIsVisible = 0;
			defaultConfigurationName = Release;
		};
		959802092C14974900DA8422 /* Build configuration list for PBXNativeTarget "PhotoFeedTestApp" */ = {
			isa = XCConfigurationList;
			buildConfigurations = (
				9598020A2C14974900DA8422 /* Debug */,
				9598020B2C14974900DA8422 /* Release */,
			);
			defaultConfigurationIsVisible = 0;
			defaultConfigurationName = Release;
		};
/* End XCConfigurationList section */

/* Begin XCRemoteSwiftPackageReference section */
		9563282A2C1CF6F20044457E /* XCRemoteSwiftPackageReference "SDWebImage" */ = {
			isa = XCRemoteSwiftPackageReference;
			repositoryURL = "https://github.com/SDWebImage/SDWebImage";
			requirement = {
				kind = upToNextMajorVersion;
				minimumVersion = 5.19.3;
			};
		};
/* End XCRemoteSwiftPackageReference section */

/* Begin XCSwiftPackageProductDependency section */
		9563282B2C1CF6F20044457E /* SDWebImage */ = {
			isa = XCSwiftPackageProductDependency;
			package = 9563282A2C1CF6F20044457E /* XCRemoteSwiftPackageReference "SDWebImage" */;
			productName = SDWebImage;
		};
/* End XCSwiftPackageProductDependency section */
	};
	rootObject = 959801F32C14974300DA8422 /* Project object */;
}
